
Microsoft Visual Studio Solution File, Format Version 12.00
# Visual Studio Version 17
VisualStudioVersion = 17.11.35208.52
MinimumVisualStudioVersion = 10.0.40219.1
Project("{FAE04EC0-301F-11D3-BF4B-00C04F79EFBC}") = "ejercicio#3", "ejercicio#3\ejercicio#3.csproj", "{EBC76190-1120-4312-A3FF-2683EF234666}"
EndProject
Global
	GlobalSection(SolutionConfigurationPlatforms) = preSolution
		Debug|Any CPU = Debug|Any CPU
		Release|Any CPU = Release|Any CPU
	EndGlobalSection
	GlobalSection(ProjectConfigurationPlatforms) = postSolution
		{EBC76190-1120-4312-A3FF-2683EF234666}.Debug|Any CPU.ActiveCfg = Debug|Any CPU
		{EBC76190-1120-4312-A3FF-2683EF234666}.Debug|Any CPU.Build.0 = Debug|Any CPU
		{EBC76190-1120-4312-A3FF-2683EF234666}.Release|Any CPU.ActiveCfg = Release|Any CPU
		{EBC76190-1120-4312-A3FF-2683EF234666}.Release|Any CPU.Build.0 = Release|Any CPU
	EndGlobalSection
	GlobalSection(SolutionProperties) = preSolution
		HideSolutionNode = FALSE
	EndGlobalSection
	GlobalSection(ExtensibilityGlobals) = postSolution
		SolutionGuid = {E25F745B-5136-430E-BC13-681BA290F7FE}
	EndGlobalSection
EndGlobal
