
Microsoft Visual Studio Solution File, Format Version 12.00
# Visual Studio Version 17
VisualStudioVersion = 17.11.35208.52
MinimumVisualStudioVersion = 10.0.40219.1
Project("{FAE04EC0-301F-11D3-BF4B-00C04F79EFBC}") = "Paso de Arreglos_Listas a Funciones", "Paso de Arreglos_Listas a Funciones\Paso de Arreglos_Listas a Funciones.csproj", "{0C9F8E12-1841-472A-8909-B01C41EBC452}"
EndProject
Global
	GlobalSection(SolutionConfigurationPlatforms) = preSolution
		Debug|Any CPU = Debug|Any CPU
		Release|Any CPU = Release|Any CPU
	EndGlobalSection
	GlobalSection(ProjectConfigurationPlatforms) = postSolution
		{0C9F8E12-1841-472A-8909-B01C41EBC452}.Debug|Any CPU.ActiveCfg = Debug|Any CPU
		{0C9F8E12-1841-472A-8909-B01C41EBC452}.Debug|Any CPU.Build.0 = Debug|Any CPU
		{0C9F8E12-1841-472A-8909-B01C41EBC452}.Release|Any CPU.ActiveCfg = Release|Any CPU
		{0C9F8E12-1841-472A-8909-B01C41EBC452}.Release|Any CPU.Build.0 = Release|Any CPU
	EndGlobalSection
	GlobalSection(SolutionProperties) = preSolution
		HideSolutionNode = FALSE
	EndGlobalSection
	GlobalSection(ExtensibilityGlobals) = postSolution
		SolutionGuid = {A0D9B19F-DD67-4847-A502-B82AC39A25B2}
	EndGlobalSection
EndGlobal
